
Microsoft Visual Studio Solution File, Format Version 12.00
# Visual Studio Version 16
VisualStudioVersion = 16.0.29102.190
MinimumVisualStudioVersion = 10.0.40219.1
Project("{FAE04EC0-301F-11D3-BF4B-00C04F79EFBC}") = "Attributes", "Attributes\Attributes.csproj", "{6CD65B9F-8E61-47AA-8610-F5BFFBD7B4B2}"
EndProject
Project("{FAE04EC0-301F-11D3-BF4B-00C04F79EFBC}") = "WhatsNewAttributes", "WhatsNewAttributes\WhatsNewAttributes.csproj", "{6DD35C70-F5AD-4830-B623-83C12D67530A}"
EndProject
Project("{FAE04EC0-301F-11D3-BF4B-00C04F79EFBC}") = "VectorClass", "VectorClass\VectorClass.csproj", "{90055094-9780-48A4-9E08-2B9054055BFF}"
EndProject
Global
	GlobalSection(SolutionConfigurationPlatforms) = preSolution
		Debug|Any CPU = Debug|Any CPU
		Release|Any CPU = Release|Any CPU
	EndGlobalSection
	GlobalSection(ProjectConfigurationPlatforms) = postSolution
		{6CD65B9F-8E61-47AA-8610-F5BFFBD7B4B2}.Debug|Any CPU.ActiveCfg = Debug|Any CPU
		{6CD65B9F-8E61-47AA-8610-F5BFFBD7B4B2}.Debug|Any CPU.Build.0 = Debug|Any CPU
		{6CD65B9F-8E61-47AA-8610-F5BFFBD7B4B2}.Release|Any CPU.ActiveCfg = Release|Any CPU
		{6CD65B9F-8E61-47AA-8610-F5BFFBD7B4B2}.Release|Any CPU.Build.0 = Release|Any CPU
		{6DD35C70-F5AD-4830-B623-83C12D67530A}.Debug|Any CPU.ActiveCfg = Debug|Any CPU
		{6DD35C70-F5AD-4830-B623-83C12D67530A}.Debug|Any CPU.Build.0 = Debug|Any CPU
		{6DD35C70-F5AD-4830-B623-83C12D67530A}.Release|Any CPU.ActiveCfg = Release|Any CPU
		{6DD35C70-F5AD-4830-B623-83C12D67530A}.Release|Any CPU.Build.0 = Release|Any CPU
		{90055094-9780-48A4-9E08-2B9054055BFF}.Debug|Any CPU.ActiveCfg = Debug|Any CPU
		{90055094-9780-48A4-9E08-2B9054055BFF}.Debug|Any CPU.Build.0 = Debug|Any CPU
		{90055094-9780-48A4-9E08-2B9054055BFF}.Release|Any CPU.ActiveCfg = Release|Any CPU
		{90055094-9780-48A4-9E08-2B9054055BFF}.Release|Any CPU.Build.0 = Release|Any CPU
	EndGlobalSection
	GlobalSection(SolutionProperties) = preSolution
		HideSolutionNode = FALSE
	EndGlobalSection
	GlobalSection(ExtensibilityGlobals) = postSolution
		SolutionGuid = {61A56025-1318-4207-94E3-5A0AE94A39B1}
	EndGlobalSection
EndGlobal
